
Microsoft Visual Studio Solution File, Format Version 12.00
# Visual Studio 15
VisualStudioVersion = 15.0.27130.2036
MinimumVisualStudioVersion = 10.0.40219.1
Project("{FAE04EC0-301F-11D3-BF4B-00C04F79EFBC}") = "Задача 1", "Задача 1\Задача 1.csproj", "{B454B4E2-0D75-4E12-9625-5F60DC9ABF2F}"
EndProject
Global
	GlobalSection(SolutionConfigurationPlatforms) = preSolution
		Debug|Any CPU = Debug|Any CPU
		Release|Any CPU = Release|Any CPU
	EndGlobalSection
	GlobalSection(ProjectConfigurationPlatforms) = postSolution
		{B454B4E2-0D75-4E12-9625-5F60DC9ABF2F}.Debug|Any CPU.ActiveCfg = Debug|Any CPU
		{B454B4E2-0D75-4E12-9625-5F60DC9ABF2F}.Debug|Any CPU.Build.0 = Debug|Any CPU
		{B454B4E2-0D75-4E12-9625-5F60DC9ABF2F}.Release|Any CPU.ActiveCfg = Release|Any CPU
		{B454B4E2-0D75-4E12-9625-5F60DC9ABF2F}.Release|Any CPU.Build.0 = Release|Any CPU
	EndGlobalSection
	GlobalSection(SolutionProperties) = preSolution
		HideSolutionNode = FALSE
	EndGlobalSection
	GlobalSection(ExtensibilityGlobals) = postSolution
		SolutionGuid = {5798D175-2976-451A-A878-95152D239209}
	EndGlobalSection
EndGlobal
